
Microsoft Visual Studio Solution File, Format Version 12.00
# Visual Studio 15
Project("{FAE04EC0-301F-11D3-BF4B-00C04F79EFBC}") = "Assembly-CSharp", "Assembly-CSharp.csproj", "{067861A1-871C-0F3D-CB23-9BE53355F3E5}"
EndProject
Global
	GlobalSection(SolutionConfigurationPlatforms) = preSolution
		Debug|Any CPU = Debug|Any CPU
		Release|Any CPU = Release|Any CPU
	EndGlobalSection
	GlobalSection(ProjectConfigurationPlatforms) = postSolution
		{067861A1-871C-0F3D-CB23-9BE53355F3E5}.Debug|Any CPU.ActiveCfg = Debug|Any CPU
		{067861A1-871C-0F3D-CB23-9BE53355F3E5}.Debug|Any CPU.Build.0 = Debug|Any CPU
		{067861A1-871C-0F3D-CB23-9BE53355F3E5}.Release|Any CPU.ActiveCfg = Release|Any CPU
		{067861A1-871C-0F3D-CB23-9BE53355F3E5}.Release|Any CPU.Build.0 = Release|Any CPU
	EndGlobalSection
	GlobalSection(SolutionProperties) = preSolution
		HideSolutionNode = FALSE
	EndGlobalSection
EndGlobal
